
Microsoft Visual Studio Solution File, Format Version 12.00
# Visual Studio Version 17
VisualStudioVersion = 17.12.35514.174
MinimumVisualStudioVersion = 10.0.40219.1
Project("{FAE04EC0-301F-11D3-BF4B-00C04F79EFBC}") = "OnlineShopping.Api", "OnlineShopping.Api\OnlineShopping.Api.csproj", "{7F9692E6-97A9-4794-AC7D-1ADFC7698BCD}"
EndProject
Project("{FAE04EC0-301F-11D3-BF4B-00C04F79EFBC}") = "OnlineShopping.Business", "OnlineShopping.Business\OnlineShopping.Business.csproj", "{1AFD0373-F124-4D11-81A5-C2B3C85305DC}"
EndProject
Project("{FAE04EC0-301F-11D3-BF4B-00C04F79EFBC}") = "OnlineShopping.Data", "OnlineShopping.Data\OnlineShopping.Data.csproj", "{8710AA36-73BF-4F6C-939C-8466975A4F5D}"
EndProject
Project("{FAE04EC0-301F-11D3-BF4B-00C04F79EFBC}") = "OnlineShopping.Models", "OnlineShopping.Models\OnlineShopping.Models.csproj", "{D61BDD12-40ED-4829-BCC6-5D5F51D8A989}"
EndProject
Global
	GlobalSection(SolutionConfigurationPlatforms) = preSolution
		Debug|Any CPU = Debug|Any CPU
		Release|Any CPU = Release|Any CPU
	EndGlobalSection
	GlobalSection(ProjectConfigurationPlatforms) = postSolution
		{7F9692E6-97A9-4794-AC7D-1ADFC7698BCD}.Debug|Any CPU.ActiveCfg = Debug|Any CPU
		{7F9692E6-97A9-4794-AC7D-1ADFC7698BCD}.Debug|Any CPU.Build.0 = Debug|Any CPU
		{7F9692E6-97A9-4794-AC7D-1ADFC7698BCD}.Release|Any CPU.ActiveCfg = Release|Any CPU
		{7F9692E6-97A9-4794-AC7D-1ADFC7698BCD}.Release|Any CPU.Build.0 = Release|Any CPU
		{1AFD0373-F124-4D11-81A5-C2B3C85305DC}.Debug|Any CPU.ActiveCfg = Debug|Any CPU
		{1AFD0373-F124-4D11-81A5-C2B3C85305DC}.Debug|Any CPU.Build.0 = Debug|Any CPU
		{1AFD0373-F124-4D11-81A5-C2B3C85305DC}.Release|Any CPU.ActiveCfg = Release|Any CPU
		{1AFD0373-F124-4D11-81A5-C2B3C85305DC}.Release|Any CPU.Build.0 = Release|Any CPU
		{8710AA36-73BF-4F6C-939C-8466975A4F5D}.Debug|Any CPU.ActiveCfg = Debug|Any CPU
		{8710AA36-73BF-4F6C-939C-8466975A4F5D}.Debug|Any CPU.Build.0 = Debug|Any CPU
		{8710AA36-73BF-4F6C-939C-8466975A4F5D}.Release|Any CPU.ActiveCfg = Release|Any CPU
		{8710AA36-73BF-4F6C-939C-8466975A4F5D}.Release|Any CPU.Build.0 = Release|Any CPU
		{D61BDD12-40ED-4829-BCC6-5D5F51D8A989}.Debug|Any CPU.ActiveCfg = Debug|Any CPU
		{D61BDD12-40ED-4829-BCC6-5D5F51D8A989}.Debug|Any CPU.Build.0 = Debug|Any CPU
		{D61BDD12-40ED-4829-BCC6-5D5F51D8A989}.Release|Any CPU.ActiveCfg = Release|Any CPU
		{D61BDD12-40ED-4829-BCC6-5D5F51D8A989}.Release|Any CPU.Build.0 = Release|Any CPU
	EndGlobalSection
	GlobalSection(SolutionProperties) = preSolution
		HideSolutionNode = FALSE
	EndGlobalSection
EndGlobal
